// !$*UTF8*$!
{
	archiveVersion = 1;
	classes = {
	};
	objectVersion = 77;
	objects = {

/* Begin PBXBuildFile section */
		8F56789D2F9B9BB100E0B023 /* codemagic.yaml in Resources */ = {isa = PBXBuildFile; fileRef = 8F56789C2F9B9BAB00E0B023 /* codemagic.yaml */; };
		8FEC43EC2FA0E06B006C0848 /* AppsFlyerLib in Frameworks */ = {isa = PBXBuildFile; productRef = 8FEC43EB2FA0E06B006C0848 /* AppsFlyerLib */; };
		8FEC43EF2FA0E071006C0848 /* ConfettiSwiftUI in Frameworks */ = {isa = PBXBuildFile; productRef = 8FEC43EE2FA0E071006C0848 /* ConfettiSwiftUI */; };
		8FEC43F22FA0E090006C0848 /* FirebaseCore in Frameworks */ = {isa = PBXBuildFile; productRef = 8FEC43F12FA0E090006C0848 /* FirebaseCore */; };
		8FEC43F42FA0E090006C0848 /* FirebaseMessaging in Frameworks */ = {isa = PBXBuildFile; productRef = 8FEC43F32FA0E090006C0848 /* FirebaseMessaging */; };
		8FEC43F72FA0E105006C0848 /* PostgREST in Frameworks */ = {isa = PBXBuildFile; productRef = 8FEC43F62FA0E105006C0848 /* PostgREST */; };
		8FEC43F92FA0E105006C0848 /* Supabase in Frameworks */ = {isa = PBXBuildFile; productRef = 8FEC43F82FA0E105006C0848 /* Supabase */; };
		8FEC44052FA0E13E006C0848 /* NotificationsExtension.appex in Embed Foundation Extensions */ = {isa = PBXBuildFile; fileRef = 8FEC43FE2FA0E13E006C0848 /* NotificationsExtension.appex */; settings = {ATTRIBUTES = (RemoveHeadersOnCopy, ); }; };
		8FEC440D2FA0E14A006C0848 /* FirebaseMessaging in Frameworks */ = {isa = PBXBuildFile; productRef = 8FEC440C2FA0E14A006C0848 /* FirebaseMessaging */; };
/* End PBXBuildFile section */

/* Begin PBXContainerItemProxy section */
		8FEC44032FA0E13E006C0848 /* PBXContainerItemProxy */ = {
			isa = PBXContainerItemProxy;
			containerPortal = 8FB264AE2F962AA1009D28F5 /* Project object */;
			proxyType = 1;
			remoteGlobalIDString = 8FEC43FD2FA0E13E006C0848;
			remoteInfo = NotificationsExtension;
		};
/* End PBXContainerItemProxy section */

/* Begin PBXCopyFilesBuildPhase section */
		8FEC440A2FA0E13E006C0848 /* Embed Foundation Extensions */ = {
			isa = PBXCopyFilesBuildPhase;
			buildActionMask = 2147483647;
			dstPath = "";
			dstSubfolderSpec = 13;
			files = (
				8FEC44052FA0E13E006C0848 /* NotificationsExtension.appex in Embed Foundation Extensions */,
			);
			name = "Embed Foundation Extensions";
			runOnlyForDeploymentPostprocessing = 0;
		};
/* End PBXCopyFilesBuildPhase section */

/* Begin PBXFileReference section */
		8F56789C2F9B9BAB00E0B023 /* codemagic.yaml */ = {isa = PBXFileReference; lastKnownFileType = text.yaml; path = codemagic.yaml; sourceTree = "<group>"; };
		8FB264B62F962AA1009D28F5 /* FixoraPro.app */ = {isa = PBXFileReference; explicitFileType = wrapper.application; includeInIndex = 0; path = FixoraPro.app; sourceTree = BUILT_PRODUCTS_DIR; };
		8FEC43FE2FA0E13E006C0848 /* NotificationsExtension.appex */ = {isa = PBXFileReference; explicitFileType = "wrapper.app-extension"; includeInIndex = 0; path = NotificationsExtension.appex; sourceTree = BUILT_PRODUCTS_DIR; };
/* End PBXFileReference section */

/* Begin PBXFileSystemSynchronizedBuildFileExceptionSet section */
		8FB264FC2F962AC0009D28F5 /* Exceptions for "FixoraPro" folder in "FixoraPro" target */ = {
			isa = PBXFileSystemSynchronizedBuildFileExceptionSet;
			membershipExceptions = (
				Info.plist,
			);
			target = 8FB264B52F962AA1009D28F5 /* FixoraPro */;
		};
		8FEC44092FA0E13E006C0848 /* Exceptions for "NotificationsExtension" folder in "NotificationsExtension" target */ = {
			isa = PBXFileSystemSynchronizedBuildFileExceptionSet;
			membershipExceptions = (
				Info.plist,
			);
			target = 8FEC43FD2FA0E13E006C0848 /* NotificationsExtension */;
		};
/* End PBXFileSystemSynchronizedBuildFileExceptionSet section */

/* Begin PBXFileSystemSynchronizedRootGroup section */
		8FB264B82F962AA1009D28F5 /* FixoraPro */ = {
			isa = PBXFileSystemSynchronizedRootGroup;
			exceptions = (
				8FB264FC2F962AC0009D28F5 /* Exceptions for "FixoraPro" folder in "FixoraPro" target */,
			);
			path = FixoraPro;
			sourceTree = "<group>";
		};
		8FEC43FF2FA0E13E006C0848 /* NotificationsExtension */ = {
			isa = PBXFileSystemSynchronizedRootGroup;
			exceptions = (
				8FEC44092FA0E13E006C0848 /* Exceptions for "NotificationsExtension" folder in "NotificationsExtension" target */,
			);
			path = NotificationsExtension;
			sourceTree = "<group>";
		};
/* End PBXFileSystemSynchronizedRootGroup section */

/* Begin PBXFrameworksBuildPhase section */
		8FB264B32F962AA1009D28F5 /* Frameworks */ = {
			isa = PBXFrameworksBuildPhase;
			buildActionMask = 2147483647;
			files = (
				8FEC43F42FA0E090006C0848 /* FirebaseMessaging in Frameworks */,
				8FEC43EF2FA0E071006C0848 /* ConfettiSwiftUI in Frameworks */,
				8FEC43F92FA0E105006C0848 /* Supabase in Frameworks */,
				8FEC43F22FA0E090006C0848 /* FirebaseCore in Frameworks */,
				8FEC43EC2FA0E06B006C0848 /* AppsFlyerLib in Frameworks */,
				8FEC43F72FA0E105006C0848 /* PostgREST in Frameworks */,
			);
			runOnlyForDeploymentPostprocessing = 0;
		};
		8FEC43FB2FA0E13E006C0848 /* Frameworks */ = {
			isa = PBXFrameworksBuildPhase;
			buildActionMask = 2147483647;
			files = (
				8FEC440D2FA0E14A006C0848 /* FirebaseMessaging in Frameworks */,
			);
			runOnlyForDeploymentPostprocessing = 0;
		};
/* End PBXFrameworksBuildPhase section */

/* Begin PBXGroup section */
		8FB264AD2F962AA1009D28F5 = {
			isa = PBXGroup;
			children = (
				8F56789C2F9B9BAB00E0B023 /* codemagic.yaml */,
				8FB264B82F962AA1009D28F5 /* FixoraPro */,
				8FEC43FF2FA0E13E006C0848 /* NotificationsExtension */,
				8FEC440B2FA0E14A006C0848 /* Frameworks */,
				8FB264B72F962AA1009D28F5 /* Products */,
			);
			sourceTree = "<group>";
		};
		8FB264B72F962AA1009D28F5 /* Products */ = {
			isa = PBXGroup;
			children = (
				8FB264B62F962AA1009D28F5 /* FixoraPro.app */,
				8FEC43FE2FA0E13E006C0848 /* NotificationsExtension.appex */,
			);
			name = Products;
			sourceTree = "<group>";
		};
		8FEC440B2FA0E14A006C0848 /* Frameworks */ = {
			isa = PBXGroup;
			children = (
			);
			name = Frameworks;
			sourceTree = "<group>";
		};
/* End PBXGroup section */

/* Begin PBXNativeTarget section */
		8FB264B52F962AA1009D28F5 /* FixoraPro */ = {
			isa = PBXNativeTarget;
			buildConfigurationList = 8FB264C22F962AA3009D28F5 /* Build configuration list for PBXNativeTarget "FixoraPro" */;
			buildPhases = (
				8FB264B22F962AA1009D28F5 /* Sources */,
				8FB264B32F962AA1009D28F5 /* Frameworks */,
				8FB264B42F962AA1009D28F5 /* Resources */,
				8FEC440A2FA0E13E006C0848 /* Embed Foundation Extensions */,
			);
			buildRules = (
			);
			dependencies = (
				8FEC44042FA0E13E006C0848 /* PBXTargetDependency */,
			);
			fileSystemSynchronizedGroups = (
				8FB264B82F962AA1009D28F5 /* FixoraPro */,
			);
			name = FixoraPro;
			packageProductDependencies = (
				8FEC43EB2FA0E06B006C0848 /* AppsFlyerLib */,
				8FEC43EE2FA0E071006C0848 /* ConfettiSwiftUI */,
				8FEC43F12FA0E090006C0848 /* FirebaseCore */,
				8FEC43F32FA0E090006C0848 /* FirebaseMessaging */,
				8FEC43F62FA0E105006C0848 /* PostgREST */,
				8FEC43F82FA0E105006C0848 /* Supabase */,
			);
			productName = FixoraPro;
			productReference = 8FB264B62F962AA1009D28F5 /* FixoraPro.app */;
			productType = "com.apple.product-type.application";
		};
		8FEC43FD2FA0E13E006C0848 /* NotificationsExtension */ = {
			isa = PBXNativeTarget;
			buildConfigurationList = 8FEC44062FA0E13E006C0848 /* Build configuration list for PBXNativeTarget "NotificationsExtension" */;
			buildPhases = (
				8FEC43FA2FA0E13E006C0848 /* Sources */,
				8FEC43FB2FA0E13E006C0848 /* Frameworks */,
				8FEC43FC2FA0E13E006C0848 /* Resources */,
			);
			buildRules = (
			);
			dependencies = (
			);
			fileSystemSynchronizedGroups = (
				8FEC43FF2FA0E13E006C0848 /* NotificationsExtension */,
			);
			name = NotificationsExtension;
			packageProductDependencies = (
				8FEC440C2FA0E14A006C0848 /* FirebaseMessaging */,
			);
			productName = NotificationsExtension;
			productReference = 8FEC43FE2FA0E13E006C0848 /* NotificationsExtension.appex */;
			productType = "com.apple.product-type.app-extension";
		};
/* End PBXNativeTarget section */

/* Begin PBXProject section */
		8FB264AE2F962AA1009D28F5 /* Project object */ = {
			isa = PBXProject;
			attributes = {
				BuildIndependentTargetsInParallel = 1;
				LastSwiftUpdateCheck = 1640;
				LastUpgradeCheck = 1640;
				TargetAttributes = {
					8FB264B52F962AA1009D28F5 = {
						CreatedOnToolsVersion = 16.4;
					};
					8FEC43FD2FA0E13E006C0848 = {
						CreatedOnToolsVersion = 16.4;
					};
				};
			};
			buildConfigurationList = 8FB264B12F962AA1009D28F5 /* Build configuration list for PBXProject "FixoraPro" */;
			developmentRegion = en;
			hasScannedForEncodings = 0;
			knownRegions = (
				en,
				Base,
			);
			mainGroup = 8FB264AD2F962AA1009D28F5;
			minimizedProjectReferenceProxies = 1;
			packageReferences = (
				8FEC43EA2FA0E06B006C0848 /* XCRemoteSwiftPackageReference "AppsFlyerFramework" */,
				8FEC43ED2FA0E071006C0848 /* XCRemoteSwiftPackageReference "ConfettiSwiftUI" */,
				8FEC43F02FA0E090006C0848 /* XCRemoteSwiftPackageReference "firebase-ios-sdk" */,
				8FEC43F52FA0E105006C0848 /* XCRemoteSwiftPackageReference "supabase-swift" */,
			);
			preferredProjectObjectVersion = 77;
			productRefGroup = 8FB264B72F962AA1009D28F5 /* Products */;
			projectDirPath = "";
			projectRoot = "";
			targets = (
				8FB264B52F962AA1009D28F5 /* FixoraPro */,
				8FEC43FD2FA0E13E006C0848 /* NotificationsExtension */,
			);
		};
/* End PBXProject section */

/* Begin PBXResourcesBuildPhase section */
		8FB264B42F962AA1009D28F5 /* Resources */ = {
			isa = PBXResourcesBuildPhase;
			buildActionMask = 2147483647;
			files = (
				8F56789D2F9B9BB100E0B023 /* codemagic.yaml in Resources */,
			);
			runOnlyForDeploymentPostprocessing = 0;
		};
		8FEC43FC2FA0E13E006C0848 /* Resources */ = {
			isa = PBXResourcesBuildPhase;
			buildActionMask = 2147483647;
			files = (
			);
			runOnlyForDeploymentPostprocessing = 0;
		};
/* End PBXResourcesBuildPhase section */

/* Begin PBXSourcesBuildPhase section */
		8FB264B22F962AA1009D28F5 /* Sources */ = {
			isa = PBXSourcesBuildPhase;
			buildActionMask = 2147483647;
			files = (
			);
			runOnlyForDeploymentPostprocessing = 0;
		};
		8FEC43FA2FA0E13E006C0848 /* Sources */ = {
			isa = PBXSourcesBuildPhase;
			buildActionMask = 2147483647;
			files = (
			);
			runOnlyForDeploymentPostprocessing = 0;
		};
/* End PBXSourcesBuildPhase section */

/* Begin PBXTargetDependency section */
		8FEC44042FA0E13E006C0848 /* PBXTargetDependency */ = {
			isa = PBXTargetDependency;
			target = 8FEC43FD2FA0E13E006C0848 /* NotificationsExtension */;
			targetProxy = 8FEC44032FA0E13E006C0848 /* PBXContainerItemProxy */;
		};
/* End PBXTargetDependency section */

/* Begin XCBuildConfiguration section */
		8FB264C02F962AA3009D28F5 /* Debug */ = {
			isa = XCBuildConfiguration;
			buildSettings = {
				ALWAYS_SEARCH_USER_PATHS = NO;
				ASSETCATALOG_COMPILER_GENERATE_SWIFT_ASSET_SYMBOL_EXTENSIONS = YES;
				CLANG_ANALYZER_NONNULL = YES;
				CLANG_ANALYZER_NUMBER_OBJECT_CONVERSION = YES_AGGRESSIVE;
				CLANG_CXX_LANGUAGE_STANDARD = "gnu++20";
				CLANG_ENABLE_MODULES = YES;
				CLANG_ENABLE_OBJC_ARC = YES;
				CLANG_ENABLE_OBJC_WEAK = YES;
				CLANG_WARN_BLOCK_CAPTURE_AUTORELEASING = YES;
				CLANG_WARN_BOOL_CONVERSION = YES;
				CLANG_WARN_COMMA = YES;
				CLANG_WARN_CONSTANT_CONVERSION = YES;
				CLANG_WARN_DEPRECATED_OBJC_IMPLEMENTATIONS = YES;
				CLANG_WARN_DIRECT_OBJC_ISA_USAGE = YES_ERROR;
				CLANG_WARN_DOCUMENTATION_COMMENTS = YES;
				CLANG_WARN_EMPTY_BODY = YES;
				CLANG_WARN_ENUM_CONVERSION = YES;
				CLANG_WARN_INFINITE_RECURSION = YES;
				CLANG_WARN_INT_CONVERSION = YES;
				CLANG_WARN_NON_LITERAL_NULL_CONVERSION = YES;
				CLANG_WARN_OBJC_IMPLICIT_RETAIN_SELF = YES;
				CLANG_WARN_OBJC_LITERAL_CONVERSION = YES;
				CLANG_WARN_OBJC_ROOT_CLASS = YES_ERROR;
				CLANG_WARN_QUOTED_INCLUDE_IN_FRAMEWORK_HEADER = YES;
				CLANG_WARN_RANGE_LOOP_ANALYSIS = YES;
				CLANG_WARN_STRICT_PROTOTYPES = YES;
				CLANG_WARN_SUSPICIOUS_MOVE = YES;
				CLANG_WARN_UNGUARDED_AVAILABILITY = YES_AGGRESSIVE;
				CLANG_WARN_UNREACHABLE_CODE = YES;
				CLANG_WARN__DUPLICATE_METHOD_MATCH = YES;
				COPY_PHASE_STRIP = NO;
				DEBUG_INFORMATION_FORMAT = dwarf;
				ENABLE_STRICT_OBJC_MSGSEND = YES;
				ENABLE_TESTABILITY = YES;
				ENABLE_USER_SCRIPT_SANDBOXING = YES;
				GCC_C_LANGUAGE_STANDARD = gnu17;
				GCC_DYNAMIC_NO_PIC = NO;
				GCC_NO_COMMON_BLOCKS = YES;
				GCC_OPTIMIZATION_LEVEL = 0;
				GCC_PREPROCESSOR_DEFINITIONS = (
					"DEBUG=1",
					"$(inherited)",
				);
				GCC_WARN_64_TO_32_BIT_CONVERSION = YES;
				GCC_WARN_ABOUT_RETURN_TYPE = YES_ERROR;
				GCC_WARN_UNDECLARED_SELECTOR = YES;
				GCC_WARN_UNINITIALIZED_AUTOS = YES_AGGRESSIVE;
				GCC_WARN_UNUSED_FUNCTION = YES;
				GCC_WARN_UNUSED_VARIABLE = YES;
				LOCALIZATION_PREFERS_STRING_CATALOGS = YES;
				MTL_ENABLE_DEBUG_INFO = INCLUDE_SOURCE;
				MTL_FAST_MATH = YES;
				ONLY_ACTIVE_ARCH = YES;
				SWIFT_ACTIVE_COMPILATION_CONDITIONS = "DEBUG $(inherited)";
				SWIFT_OPTIMIZATION_LEVEL = "-Onone";
			};
			name = Debug;
		};
		8FB264C12F962AA3009D28F5 /* Release */ = {
			isa = XCBuildConfiguration;
			buildSettings = {
				ALWAYS_SEARCH_USER_PATHS = NO;
				ASSETCATALOG_COMPILER_GENERATE_SWIFT_ASSET_SYMBOL_EXTENSIONS = YES;
				CLANG_ANALYZER_NONNULL = YES;
				CLANG_ANALYZER_NUMBER_OBJECT_CONVERSION = YES_AGGRESSIVE;
				CLANG_CXX_LANGUAGE_STANDARD = "gnu++20";
				CLANG_ENABLE_MODULES = YES;
				CLANG_ENABLE_OBJC_ARC = YES;
				CLANG_ENABLE_OBJC_WEAK = YES;
				CLANG_WARN_BLOCK_CAPTURE_AUTORELEASING = YES;
				CLANG_WARN_BOOL_CONVERSION = YES;
				CLANG_WARN_COMMA = YES;
				CLANG_WARN_CONSTANT_CONVERSION = YES;
				CLANG_WARN_DEPRECATED_OBJC_IMPLEMENTATIONS = YES;
				CLANG_WARN_DIRECT_OBJC_ISA_USAGE = YES_ERROR;
				CLANG_WARN_DOCUMENTATION_COMMENTS = YES;
				CLANG_WARN_EMPTY_BODY = YES;
				CLANG_WARN_ENUM_CONVERSION = YES;
				CLANG_WARN_INFINITE_RECURSION = YES;
				CLANG_WARN_INT_CONVERSION = YES;
				CLANG_WARN_NON_LITERAL_NULL_CONVERSION = YES;
				CLANG_WARN_OBJC_IMPLICIT_RETAIN_SELF = YES;
				CLANG_WARN_OBJC_LITERAL_CONVERSION = YES;
				CLANG_WARN_OBJC_ROOT_CLASS = YES_ERROR;
				CLANG_WARN_QUOTED_INCLUDE_IN_FRAMEWORK_HEADER = YES;
				CLANG_WARN_RANGE_LOOP_ANALYSIS = YES;
				CLANG_WARN_STRICT_PROTOTYPES = YES;
				CLANG_WARN_SUSPICIOUS_MOVE = YES;
				CLANG_WARN_UNGUARDED_AVAILABILITY = YES_AGGRESSIVE;
				CLANG_WARN_UNREACHABLE_CODE = YES;
				CLANG_WARN__DUPLICATE_METHOD_MATCH = YES;
				COPY_PHASE_STRIP = NO;
				DEBUG_INFORMATION_FORMAT = "dwarf-with-dsym";
				ENABLE_NS_ASSERTIONS = NO;
				ENABLE_STRICT_OBJC_MSGSEND = YES;
				ENABLE_USER_SCRIPT_SANDBOXING = YES;
				GCC_C_LANGUAGE_STANDARD = gnu17;
				GCC_NO_COMMON_BLOCKS = YES;
				GCC_WARN_64_TO_32_BIT_CONVERSION = YES;
				GCC_WARN_ABOUT_RETURN_TYPE = YES_ERROR;
				GCC_WARN_UNDECLARED_SELECTOR = YES;
				GCC_WARN_UNINITIALIZED_AUTOS = YES_AGGRESSIVE;
				GCC_WARN_UNUSED_FUNCTION = YES;
				GCC_WARN_UNUSED_VARIABLE = YES;
				LOCALIZATION_PREFERS_STRING_CATALOGS = YES;
				MTL_ENABLE_DEBUG_INFO = NO;
				MTL_FAST_MATH = YES;
				SWIFT_COMPILATION_MODE = wholemodule;
			};
			name = Release;
		};
		8FB264C32F962AA3009D28F5 /* Debug */ = {
			isa = XCBuildConfiguration;
			buildSettings = {
				ASSETCATALOG_COMPILER_APPICON_NAME = AppIcon;
				ASSETCATALOG_COMPILER_GLOBAL_ACCENT_COLOR_NAME = AccentColor;
				CODE_SIGN_ENTITLEMENTS = FixoraPro/FixoraPro.entitlements;
				CODE_SIGN_STYLE = Automatic;
				CURRENT_PROJECT_VERSION = 1;
				ENABLE_PREVIEWS = YES;
				GENERATE_INFOPLIST_FILE = YES;
				INFOPLIST_FILE = FixoraPro/Info.plist;
				INFOPLIST_KEY_CFBundleDisplayName = "Fixora Pro";
				INFOPLIST_KEY_NSCameraUsageDescription = "Allow to use your camera in application.";
				INFOPLIST_KEY_NSUserTrackingUsageDescription = "Fixora Pro may momentarily reference anonymized system context to verify tool operations, detect irregular behavior, and maintain a reliable workspace. This context is processed in a privacy-first manner, used solely to keep the app functioning as intended, and is never retained to identify users, link activity across apps, or support advertising or external data sharing.";
				"INFOPLIST_KEY_UIApplicationSceneManifest_Generation[sdk=iphoneos*]" = YES;
				"INFOPLIST_KEY_UIApplicationSceneManifest_Generation[sdk=iphonesimulator*]" = YES;
				"INFOPLIST_KEY_UIApplicationSupportsIndirectInputEvents[sdk=iphoneos*]" = YES;
				"INFOPLIST_KEY_UIApplicationSupportsIndirectInputEvents[sdk=iphonesimulator*]" = YES;
				"INFOPLIST_KEY_UILaunchScreen_Generation[sdk=iphoneos*]" = YES;
				"INFOPLIST_KEY_UILaunchScreen_Generation[sdk=iphonesimulator*]" = YES;
				"INFOPLIST_KEY_UIStatusBarStyle[sdk=iphoneos*]" = UIStatusBarStyleDefault;
				"INFOPLIST_KEY_UIStatusBarStyle[sdk=iphonesimulator*]" = UIStatusBarStyleDefault;
				INFOPLIST_KEY_UISupportedInterfaceOrientations_iPad = "UIInterfaceOrientationPortrait UIInterfaceOrientationPortraitUpsideDown UIInterfaceOrientationLandscapeLeft UIInterfaceOrientationLandscapeRight";
				INFOPLIST_KEY_UISupportedInterfaceOrientations_iPhone = "UIInterfaceOrientationPortrait UIInterfaceOrientationLandscapeLeft UIInterfaceOrientationLandscapeRight";
				IPHONEOS_DEPLOYMENT_TARGET = 16.0;
				LD_RUNPATH_SEARCH_PATHS = "@executable_path/Frameworks";
				"LD_RUNPATH_SEARCH_PATHS[sdk=macosx*]" = "@executable_path/../Frameworks";
				MACOSX_DEPLOYMENT_TARGET = 15.3;
				MARKETING_VERSION = 2.00;
				PRODUCT_BUNDLE_IDENTIFIER = com.fixxpro.FixoraPro;
				PRODUCT_NAME = "$(TARGET_NAME)";
				REGISTER_APP_GROUPS = YES;
				SDKROOT = auto;
				SUPPORTED_PLATFORMS = "iphoneos iphonesimulator";
				SUPPORTS_MACCATALYST = NO;
				SWIFT_EMIT_LOC_STRINGS = YES;
				SWIFT_VERSION = 5.0;
				TARGETED_DEVICE_FAMILY = "1,2";
				XROS_DEPLOYMENT_TARGET = 2.5;
			};
			name = Debug;
		};
		8FB264C42F962AA3009D28F5 /* Release */ = {
			isa = XCBuildConfiguration;
			buildSettings = {
				ASSETCATALOG_COMPILER_APPICON_NAME = AppIcon;
				ASSETCATALOG_COMPILER_GLOBAL_ACCENT_COLOR_NAME = AccentColor;
				CODE_SIGN_ENTITLEMENTS = FixoraPro/FixoraPro.entitlements;
				CODE_SIGN_STYLE = Automatic;
				CURRENT_PROJECT_VERSION = 1;
				ENABLE_PREVIEWS = YES;
				GENERATE_INFOPLIST_FILE = YES;
				INFOPLIST_FILE = FixoraPro/Info.plist;
				INFOPLIST_KEY_CFBundleDisplayName = "Fixora Pro";
				INFOPLIST_KEY_NSCameraUsageDescription = "Allow to use your camera in application.";
				INFOPLIST_KEY_NSUserTrackingUsageDescription = "Fixora Pro may momentarily reference anonymized system context to verify tool operations, detect irregular behavior, and maintain a reliable workspace. This context is processed in a privacy-first manner, used solely to keep the app functioning as intended, and is never retained to identify users, link activity across apps, or support advertising or external data sharing.";
				"INFOPLIST_KEY_UIApplicationSceneManifest_Generation[sdk=iphoneos*]" = YES;
				"INFOPLIST_KEY_UIApplicationSceneManifest_Generation[sdk=iphonesimulator*]" = YES;
				"INFOPLIST_KEY_UIApplicationSupportsIndirectInputEvents[sdk=iphoneos*]" = YES;
				"INFOPLIST_KEY_UIApplicationSupportsIndirectInputEvents[sdk=iphonesimulator*]" = YES;
				"INFOPLIST_KEY_UILaunchScreen_Generation[sdk=iphoneos*]" = YES;
				"INFOPLIST_KEY_UILaunchScreen_Generation[sdk=iphonesimulator*]" = YES;
				"INFOPLIST_KEY_UIStatusBarStyle[sdk=iphoneos*]" = UIStatusBarStyleDefault;
				"INFOPLIST_KEY_UIStatusBarStyle[sdk=iphonesimulator*]" = UIStatusBarStyleDefault;
				INFOPLIST_KEY_UISupportedInterfaceOrientations_iPad = "UIInterfaceOrientationPortrait UIInterfaceOrientationPortraitUpsideDown UIInterfaceOrientationLandscapeLeft UIInterfaceOrientationLandscapeRight";
				INFOPLIST_KEY_UISupportedInterfaceOrientations_iPhone = "UIInterfaceOrientationPortrait UIInterfaceOrientationLandscapeLeft UIInterfaceOrientationLandscapeRight";
				IPHONEOS_DEPLOYMENT_TARGET = 16.0;
				LD_RUNPATH_SEARCH_PATHS = "@executable_path/Frameworks";
				"LD_RUNPATH_SEARCH_PATHS[sdk=macosx*]" = "@executable_path/../Frameworks";
				MACOSX_DEPLOYMENT_TARGET = 15.3;
				MARKETING_VERSION = 2.00;
				PRODUCT_BUNDLE_IDENTIFIER = com.fixxpro.FixoraPro;
				PRODUCT_NAME = "$(TARGET_NAME)";
				REGISTER_APP_GROUPS = YES;
				SDKROOT = auto;
				SUPPORTED_PLATFORMS = "iphoneos iphonesimulator";
				SUPPORTS_MACCATALYST = NO;
				SWIFT_EMIT_LOC_STRINGS = YES;
				SWIFT_VERSION = 5.0;
				TARGETED_DEVICE_FAMILY = "1,2";
				XROS_DEPLOYMENT_TARGET = 2.5;
			};
			name = Release;
		};
		8FEC44072FA0E13E006C0848 /* Debug */ = {
			isa = XCBuildConfiguration;
			buildSettings = {
				CODE_SIGN_STYLE = Automatic;
				CURRENT_PROJECT_VERSION = 1;
				GENERATE_INFOPLIST_FILE = YES;
				INFOPLIST_FILE = NotificationsExtension/Info.plist;
				INFOPLIST_KEY_CFBundleDisplayName = NotificationsExtension;
				INFOPLIST_KEY_NSHumanReadableCopyright = "";
				IPHONEOS_DEPLOYMENT_TARGET = 16.0;
				LD_RUNPATH_SEARCH_PATHS = (
					"$(inherited)",
					"@executable_path/Frameworks",
					"@executable_path/../../Frameworks",
				);
				MARKETING_VERSION = 1.0;
				PRODUCT_BUNDLE_IDENTIFIER = com.fixxpro.FixoraPro.NotificationsExtension;
				PRODUCT_NAME = "$(TARGET_NAME)";
				SDKROOT = iphoneos;
				SKIP_INSTALL = YES;
				SUPPORTED_PLATFORMS = "iphoneos iphonesimulator";
				SUPPORTS_MACCATALYST = NO;
				SUPPORTS_MAC_DESIGNED_FOR_IPHONE_IPAD = NO;
				SUPPORTS_XR_DESIGNED_FOR_IPHONE_IPAD = NO;
				SWIFT_EMIT_LOC_STRINGS = YES;
				SWIFT_VERSION = 5.0;
				TARGETED_DEVICE_FAMILY = "1,2";
			};
			name = Debug;
		};
		8FEC44082FA0E13E006C0848 /* Release */ = {
			isa = XCBuildConfiguration;
			buildSettings = {
				CODE_SIGN_STYLE = Automatic;
				CURRENT_PROJECT_VERSION = 1;
				GENERATE_INFOPLIST_FILE = YES;
				INFOPLIST_FILE = NotificationsExtension/Info.plist;
				INFOPLIST_KEY_CFBundleDisplayName = NotificationsExtension;
				INFOPLIST_KEY_NSHumanReadableCopyright = "";
				IPHONEOS_DEPLOYMENT_TARGET = 16.0;
				LD_RUNPATH_SEARCH_PATHS = (
					"$(inherited)",
					"@executable_path/Frameworks",
					"@executable_path/../../Frameworks",
				);
				MARKETING_VERSION = 1.0;
				PRODUCT_BUNDLE_IDENTIFIER = com.fixxpro.FixoraPro.NotificationsExtension;
				PRODUCT_NAME = "$(TARGET_NAME)";
				SDKROOT = iphoneos;
				SKIP_INSTALL = YES;
				SUPPORTED_PLATFORMS = "iphoneos iphonesimulator";
				SUPPORTS_MACCATALYST = NO;
				SUPPORTS_MAC_DESIGNED_FOR_IPHONE_IPAD = NO;
				SUPPORTS_XR_DESIGNED_FOR_IPHONE_IPAD = NO;
				SWIFT_EMIT_LOC_STRINGS = YES;
				SWIFT_VERSION = 5.0;
				TARGETED_DEVICE_FAMILY = "1,2";
				VALIDATE_PRODUCT = YES;
			};
			name = Release;
		};
/* End XCBuildConfiguration section */

/* Begin XCConfigurationList section */
		8FB264B12F962AA1009D28F5 /* Build configuration list for PBXProject "FixoraPro" */ = {
			isa = XCConfigurationList;
			buildConfigurations = (
				8FB264C02F962AA3009D28F5 /* Debug */,
				8FB264C12F962AA3009D28F5 /* Release */,
			);
			defaultConfigurationIsVisible = 0;
			defaultConfigurationName = Release;
		};
		8FB264C22F962AA3009D28F5 /* Build configuration list for PBXNativeTarget "FixoraPro" */ = {
			isa = XCConfigurationList;
			buildConfigurations = (
				8FB264C32F962AA3009D28F5 /* Debug */,
				8FB264C42F962AA3009D28F5 /* Release */,
			);
			defaultConfigurationIsVisible = 0;
			defaultConfigurationName = Release;
		};
		8FEC44062FA0E13E006C0848 /* Build configuration list for PBXNativeTarget "NotificationsExtension" */ = {
			isa = XCConfigurationList;
			buildConfigurations = (
				8FEC44072FA0E13E006C0848 /* Debug */,
				8FEC44082FA0E13E006C0848 /* Release */,
			);
			defaultConfigurationIsVisible = 0;
			defaultConfigurationName = Release;
		};
/* End XCConfigurationList section */

/* Begin XCRemoteSwiftPackageReference section */
		8FEC43EA2FA0E06B006C0848 /* XCRemoteSwiftPackageReference "AppsFlyerFramework" */ = {
			isa = XCRemoteSwiftPackageReference;
			repositoryURL = "https://github.com/AppsFlyerSDK/AppsFlyerFramework";
			requirement = {
				kind = upToNextMajorVersion;
				minimumVersion = 6.18.0;
			};
		};
		8FEC43ED2FA0E071006C0848 /* XCRemoteSwiftPackageReference "ConfettiSwiftUI" */ = {
			isa = XCRemoteSwiftPackageReference;
			repositoryURL = "https://github.com/simibac/ConfettiSwiftUI.git";
			requirement = {
				kind = upToNextMajorVersion;
				minimumVersion = 3.0.0;
			};
		};
		8FEC43F02FA0E090006C0848 /* XCRemoteSwiftPackageReference "firebase-ios-sdk" */ = {
			isa = XCRemoteSwiftPackageReference;
			repositoryURL = "https://github.com/firebase/firebase-ios-sdk";
			requirement = {
				kind = upToNextMajorVersion;
				minimumVersion = 12.12.1;
			};
		};
		8FEC43F52FA0E105006C0848 /* XCRemoteSwiftPackageReference "supabase-swift" */ = {
			isa = XCRemoteSwiftPackageReference;
			repositoryURL = "https://github.com/supabase/supabase-swift.git";
			requirement = {
				kind = upToNextMajorVersion;
				minimumVersion = 2.5.1;
			};
		};
/* End XCRemoteSwiftPackageReference section */

/* Begin XCSwiftPackageProductDependency section */
		8FEC43EB2FA0E06B006C0848 /* AppsFlyerLib */ = {
			isa = XCSwiftPackageProductDependency;
			package = 8FEC43EA2FA0E06B006C0848 /* XCRemoteSwiftPackageReference "AppsFlyerFramework" */;
			productName = AppsFlyerLib;
		};
		8FEC43EE2FA0E071006C0848 /* ConfettiSwiftUI */ = {
			isa = XCSwiftPackageProductDependency;
			package = 8FEC43ED2FA0E071006C0848 /* XCRemoteSwiftPackageReference "ConfettiSwiftUI" */;
			productName = ConfettiSwiftUI;
		};
		8FEC43F12FA0E090006C0848 /* FirebaseCore */ = {
			isa = XCSwiftPackageProductDependency;
			package = 8FEC43F02FA0E090006C0848 /* XCRemoteSwiftPackageReference "firebase-ios-sdk" */;
			productName = FirebaseCore;
		};
		8FEC43F32FA0E090006C0848 /* FirebaseMessaging */ = {
			isa = XCSwiftPackageProductDependency;
			package = 8FEC43F02FA0E090006C0848 /* XCRemoteSwiftPackageReference "firebase-ios-sdk" */;
			productName = FirebaseMessaging;
		};
		8FEC43F62FA0E105006C0848 /* PostgREST */ = {
			isa = XCSwiftPackageProductDependency;
			package = 8FEC43F52FA0E105006C0848 /* XCRemoteSwiftPackageReference "supabase-swift" */;
			productName = PostgREST;
		};
		8FEC43F82FA0E105006C0848 /* Supabase */ = {
			isa = XCSwiftPackageProductDependency;
			package = 8FEC43F52FA0E105006C0848 /* XCRemoteSwiftPackageReference "supabase-swift" */;
			productName = Supabase;
		};
		8FEC440C2FA0E14A006C0848 /* FirebaseMessaging */ = {
			isa = XCSwiftPackageProductDependency;
			package = 8FEC43F02FA0E090006C0848 /* XCRemoteSwiftPackageReference "firebase-ios-sdk" */;
			productName = FirebaseMessaging;
		};
/* End XCSwiftPackageProductDependency section */
	};
	rootObject = 8FB264AE2F962AA1009D28F5 /* Project object */;
}
